// !$*UTF8*$!
{
	archiveVersion = 1;
	classes = {
	};
	objectVersion = 48;
	objects = {

/* Begin PBXBuildFile section */
		325E392D20ED2AB000F4FECE /* main.m in Sources */ = {isa = PBXBuildFile; fileRef = 325E392C20ED2AB000F4FECE /* main.m */; };
		325E393C20ED2B6500F4FECE /* KBSafetyNet.m in Sources */ = {isa = PBXBuildFile; fileRef = 325E393B20ED2B6500F4FECE /* KBSafetyNet.m */; };
		325E397B20ED3ACA00F4FECE /* FileMonitor.m in Sources */ = {isa = PBXBuildFile; fileRef = 325E397A20ED3ACA00F4FECE /* FileMonitor.m */; };
/* End PBXBuildFile section */

/* Begin PBXCopyFilesBuildPhase section */
		325E392720ED2AB000F4FECE /* CopyFiles */ = {
			isa = PBXCopyFilesBuildPhase;
			buildActionMask = 2147483647;
			dstPath = /usr/share/man/man1/;
			dstSubfolderSpec = 0;
			files = (
			);
			runOnlyForDeploymentPostprocessing = 1;
		};
/* End PBXCopyFilesBuildPhase section */

/* Begin PBXFileReference section */
		325E392920ED2AB000F4FECE /* safetynet */ = {isa = PBXFileReference; explicitFileType = "compiled.mach-o.executable"; includeInIndex = 0; path = safetynet; sourceTree = BUILT_PRODUCTS_DIR; };
		325E392C20ED2AB000F4FECE /* main.m */ = {isa = PBXFileReference; lastKnownFileType = sourcecode.c.objc; path = main.m; sourceTree = "<group>"; };
		325E393A20ED2B6400F4FECE /* KBSafetyNet.h */ = {isa = PBXFileReference; lastKnownFileType = sourcecode.c.h; path = KBSafetyNet.h; sourceTree = "<group>"; };
		325E393B20ED2B6500F4FECE /* KBSafetyNet.m */ = {isa = PBXFileReference; lastKnownFileType = sourcecode.c.objc; path = KBSafetyNet.m; sourceTree = "<group>"; };
		325E397920ED3ACA00F4FECE /* FileMonitor.h */ = {isa = PBXFileReference; lastKnownFileType = sourcecode.c.h; path = FileMonitor.h; sourceTree = "<group>"; };
		325E397A20ED3ACA00F4FECE /* FileMonitor.m */ = {isa = PBXFileReference; lastKnownFileType = sourcecode.c.objc; path = FileMonitor.m; sourceTree = "<group>"; };
		325E398020ED547E00F4FECE /* Makefile */ = {isa = PBXFileReference; lastKnownFileType = sourcecode.make; name = Makefile; path = safetynet/Makefile; sourceTree = "<group>"; };
/* End PBXFileReference section */

/* Begin PBXFrameworksBuildPhase section */
		325E392620ED2AB000F4FECE /* Frameworks */ = {
			isa = PBXFrameworksBuildPhase;
			buildActionMask = 2147483647;
			files = (
			);
			runOnlyForDeploymentPostprocessing = 0;
		};
/* End PBXFrameworksBuildPhase section */

/* Begin PBXGroup section */
		325E392020ED2AB000F4FECE = {
			isa = PBXGroup;
			children = (
				325E398020ED547E00F4FECE /* Makefile */,
				325E392B20ED2AB000F4FECE /* safetynet */,
				325E392A20ED2AB000F4FECE /* Products */,
			);
			sourceTree = "<group>";
		};
		325E392A20ED2AB000F4FECE /* Products */ = {
			isa = PBXGroup;
			children = (
				325E392920ED2AB000F4FECE /* safetynet */,
			);
			name = Products;
			sourceTree = "<group>";
		};
		325E392B20ED2AB000F4FECE /* safetynet */ = {
			isa = PBXGroup;
			children = (
				325E397920ED3ACA00F4FECE /* FileMonitor.h */,
				325E397A20ED3ACA00F4FECE /* FileMonitor.m */,
				325E392C20ED2AB000F4FECE /* main.m */,
				325E393A20ED2B6400F4FECE /* KBSafetyNet.h */,
				325E393B20ED2B6500F4FECE /* KBSafetyNet.m */,
			);
			path = safetynet;
			sourceTree = "<group>";
		};
/* End PBXGroup section */

/* Begin PBXLegacyTarget section */
		325E397C20ED4FD800F4FECE /* safetynetios */ = {
			isa = PBXLegacyTarget;
			buildArgumentsString = all;
			buildConfigurationList = 325E397F20ED4FD800F4FECE /* Build configuration list for PBXLegacyTarget "safetynetios" */;
			buildPhases = (
			);
			buildToolPath = /usr/bin/make;
			buildWorkingDirectory = $SRCROOT/safetynet;
			dependencies = (
			);
			name = safetynetios;
			passBuildSettingsInEnvironment = 1;
			productName = safetynetios;
		};
/* End PBXLegacyTarget section */

/* Begin PBXNativeTarget section */
		325E392820ED2AB000F4FECE /* safetynet */ = {
			isa = PBXNativeTarget;
			buildConfigurationList = 325E393020ED2AB000F4FECE /* Build configuration list for PBXNativeTarget "safetynet" */;
			buildPhases = (
				325E392520ED2AB000F4FECE /* Sources */,
				325E392620ED2AB000F4FECE /* Frameworks */,
				325E392720ED2AB000F4FECE /* CopyFiles */,
			);
			buildRules = (
			);
			dependencies = (
			);
			name = safetynet;
			productName = safetynet;
			productReference = 325E392920ED2AB000F4FECE /* safetynet */;
			productType = "com.apple.product-type.tool";
		};
/* End PBXNativeTarget section */

/* Begin PBXProject section */
		325E392120ED2AB000F4FECE /* Project object */ = {
			isa = PBXProject;
			attributes = {
				LastUpgradeCheck = 0900;
				ORGANIZATIONNAME = nito;
				TargetAttributes = {
					325E392820ED2AB000F4FECE = {
						CreatedOnToolsVersion = 9.0;
						ProvisioningStyle = Automatic;
					};
					325E397C20ED4FD800F4FECE = {
						CreatedOnToolsVersion = 9.0;
						ProvisioningStyle = Automatic;
					};
				};
			};
			buildConfigurationList = 325E392420ED2AB000F4FECE /* Build configuration list for PBXProject "safetynet" */;
			compatibilityVersion = "Xcode 8.0";
			developmentRegion = en;
			hasScannedForEncodings = 0;
			knownRegions = (
				en,
			);
			mainGroup = 325E392020ED2AB000F4FECE;
			productRefGroup = 325E392A20ED2AB000F4FECE /* Products */;
			projectDirPath = "";
			projectRoot = "";
			targets = (
				325E392820ED2AB000F4FECE /* safetynet */,
				325E397C20ED4FD800F4FECE /* safetynetios */,
			);
		};
/* End PBXProject section */

/* Begin PBXSourcesBuildPhase section */
		325E392520ED2AB000F4FECE /* Sources */ = {
			isa = PBXSourcesBuildPhase;
			buildActionMask = 2147483647;
			files = (
				325E397B20ED3ACA00F4FECE /* FileMonitor.m in Sources */,
				325E393C20ED2B6500F4FECE /* KBSafetyNet.m in Sources */,
				325E392D20ED2AB000F4FECE /* main.m in Sources */,
			);
			runOnlyForDeploymentPostprocessing = 0;
		};
/* End PBXSourcesBuildPhase section */

/* Begin XCBuildConfiguration section */
		325E392E20ED2AB000F4FECE /* Debug */ = {
			isa = XCBuildConfiguration;
			buildSettings = {
				ALWAYS_SEARCH_USER_PATHS = NO;
				CLANG_ANALYZER_NONNULL = YES;
				CLANG_ANALYZER_NUMBER_OBJECT_CONVERSION = YES_AGGRESSIVE;
				CLANG_CXX_LANGUAGE_STANDARD = "gnu++14";
				CLANG_CXX_LIBRARY = "libc++";
				CLANG_ENABLE_MODULES = YES;
				CLANG_ENABLE_OBJC_ARC = YES;
				CLANG_WARN_BLOCK_CAPTURE_AUTORELEASING = YES;
				CLANG_WARN_BOOL_CONVERSION = YES;
				CLANG_WARN_COMMA = YES;
				CLANG_WARN_CONSTANT_CONVERSION = YES;
				CLANG_WARN_DIRECT_OBJC_ISA_USAGE = YES_ERROR;
				CLANG_WARN_DOCUMENTATION_COMMENTS = YES;
				CLANG_WARN_EMPTY_BODY = YES;
				CLANG_WARN_ENUM_CONVERSION = YES;
				CLANG_WARN_INFINITE_RECURSION = YES;
				CLANG_WARN_INT_CONVERSION = YES;
				CLANG_WARN_NON_LITERAL_NULL_CONVERSION = YES;
				CLANG_WARN_OBJC_LITERAL_CONVERSION = YES;
				CLANG_WARN_OBJC_ROOT_CLASS = YES_ERROR;
				CLANG_WARN_RANGE_LOOP_ANALYSIS = YES;
				CLANG_WARN_STRICT_PROTOTYPES = YES;
				CLANG_WARN_SUSPICIOUS_MOVE = YES;
				CLANG_WARN_UNGUARDED_AVAILABILITY = YES_AGGRESSIVE;
				CLANG_WARN_UNREACHABLE_CODE = YES;
				CLANG_WARN__DUPLICATE_METHOD_MATCH = YES;
				CODE_SIGN_IDENTITY = "Mac Developer";
				COPY_PHASE_STRIP = NO;
				DEBUG_INFORMATION_FORMAT = dwarf;
				ENABLE_STRICT_OBJC_MSGSEND = YES;
				ENABLE_TESTABILITY = YES;
				GCC_C_LANGUAGE_STANDARD = gnu11;
				GCC_DYNAMIC_NO_PIC = NO;
				GCC_NO_COMMON_BLOCKS = YES;
				GCC_OPTIMIZATION_LEVEL = 0;
				GCC_PREPROCESSOR_DEFINITIONS = (
					"DEBUG=1",
					"$(inherited)",
				);
				GCC_WARN_64_TO_32_BIT_CONVERSION = YES;
				GCC_WARN_ABOUT_RETURN_TYPE = YES_ERROR;
				GCC_WARN_UNDECLARED_SELECTOR = YES;
				GCC_WARN_UNINITIALIZED_AUTOS = YES_AGGRESSIVE;
				GCC_WARN_UNUSED_FUNCTION = YES;
				GCC_WARN_UNUSED_VARIABLE = YES;
				MACOSX_DEPLOYMENT_TARGET = 10.12;
				MTL_ENABLE_DEBUG_INFO = YES;
				ONLY_ACTIVE_ARCH = YES;
				SDKROOT = macosx;
			};
			name = Debug;
		};
		325E392F20ED2AB000F4FECE /* Release */ = {
			isa = XCBuildConfiguration;
			buildSettings = {
				ALWAYS_SEARCH_USER_PATHS = NO;
				CLANG_ANALYZER_NONNULL = YES;
				CLANG_ANALYZER_NUMBER_OBJECT_CONVERSION = YES_AGGRESSIVE;
				CLANG_CXX_LANGUAGE_STANDARD = "gnu++14";
				CLANG_CXX_LIBRARY = "libc++";
				CLANG_ENABLE_MODULES = YES;
				CLANG_ENABLE_OBJC_ARC = YES;
				CLANG_WARN_BLOCK_CAPTURE_AUTORELEASING = YES;
				CLANG_WARN_BOOL_CONVERSION = YES;
				CLANG_WARN_COMMA = YES;
				CLANG_WARN_CONSTANT_CONVERSION = YES;
				CLANG_WARN_DIRECT_OBJC_ISA_USAGE = YES_ERROR;
				CLANG_WARN_DOCUMENTATION_COMMENTS = YES;
				CLANG_WARN_EMPTY_BODY = YES;
				CLANG_WARN_ENUM_CONVERSION = YES;
				CLANG_WARN_INFINITE_RECURSION = YES;
				CLANG_WARN_INT_CONVERSION = YES;
				CLANG_WARN_NON_LITERAL_NULL_CONVERSION = YES;
				CLANG_WARN_OBJC_LITERAL_CONVERSION = YES;
				CLANG_WARN_OBJC_ROOT_CLASS = YES_ERROR;
				CLANG_WARN_RANGE_LOOP_ANALYSIS = YES;
				CLANG_WARN_STRICT_PROTOTYPES = YES;
				CLANG_WARN_SUSPICIOUS_MOVE = YES;
				CLANG_WARN_UNGUARDED_AVAILABILITY = YES_AGGRESSIVE;
				CLANG_WARN_UNREACHABLE_CODE = YES;
				CLANG_WARN__DUPLICATE_METHOD_MATCH = YES;
				CODE_SIGN_IDENTITY = "Mac Developer";
				COPY_PHASE_STRIP = NO;
				DEBUG_INFORMATION_FORMAT = "dwarf-with-dsym";
				ENABLE_NS_ASSERTIONS = NO;
				ENABLE_STRICT_OBJC_MSGSEND = YES;
				GCC_C_LANGUAGE_STANDARD = gnu11;
				GCC_NO_COMMON_BLOCKS = YES;
				GCC_WARN_64_TO_32_BIT_CONVERSION = YES;
				GCC_WARN_ABOUT_RETURN_TYPE = YES_ERROR;
				GCC_WARN_UNDECLARED_SELECTOR = YES;
				GCC_WARN_UNINITIALIZED_AUTOS = YES_AGGRESSIVE;
				GCC_WARN_UNUSED_FUNCTION = YES;
				GCC_WARN_UNUSED_VARIABLE = YES;
				MACOSX_DEPLOYMENT_TARGET = 10.12;
				MTL_ENABLE_DEBUG_INFO = NO;
				SDKROOT = macosx;
			};
			name = Release;
		};
		325E393120ED2AB000F4FECE /* Debug */ = {
			isa = XCBuildConfiguration;
			buildSettings = {
				CODE_SIGN_STYLE = Automatic;
				DEVELOPMENT_TEAM = 9EUFEA5U7G;
				PRODUCT_NAME = "$(TARGET_NAME)";
			};
			name = Debug;
		};
		325E393220ED2AB000F4FECE /* Release */ = {
			isa = XCBuildConfiguration;
			buildSettings = {
				CODE_SIGN_STYLE = Automatic;
				DEVELOPMENT_TEAM = 9EUFEA5U7G;
				PRODUCT_NAME = "$(TARGET_NAME)";
			};
			name = Release;
		};
		325E397D20ED4FD800F4FECE /* Debug */ = {
			isa = XCBuildConfiguration;
			buildSettings = {
				CODE_SIGN_STYLE = Automatic;
				DEBUGGING_SYMBOLS = YES;
				DEBUG_INFORMATION_FORMAT = dwarf;
				DEVELOPMENT_TEAM = 9EUFEA5U7G;
				GCC_GENERATE_DEBUGGING_SYMBOLS = YES;
				GCC_OPTIMIZATION_LEVEL = 0;
				OTHER_CFLAGS = "";
				OTHER_LDFLAGS = "";
				PRODUCT_NAME = "$(TARGET_NAME)";
			};
			name = Debug;
		};
		325E397E20ED4FD800F4FECE /* Release */ = {
			isa = XCBuildConfiguration;
			buildSettings = {
				CODE_SIGN_STYLE = Automatic;
				DEBUG_INFORMATION_FORMAT = "dwarf-with-dsym";
				DEVELOPMENT_TEAM = 9EUFEA5U7G;
				OTHER_CFLAGS = "";
				OTHER_LDFLAGS = "";
				PRODUCT_NAME = "$(TARGET_NAME)";
			};
			name = Release;
		};
/* End XCBuildConfiguration section */

/* Begin XCConfigurationList section */
		325E392420ED2AB000F4FECE /* Build configuration list for PBXProject "safetynet" */ = {
			isa = XCConfigurationList;
			buildConfigurations = (
				325E392E20ED2AB000F4FECE /* Debug */,
				325E392F20ED2AB000F4FECE /* Release */,
			);
			defaultConfigurationIsVisible = 0;
			defaultConfigurationName = Release;
		};
		325E393020ED2AB000F4FECE /* Build configuration list for PBXNativeTarget "safetynet" */ = {
			isa = XCConfigurationList;
			buildConfigurations = (
				325E393120ED2AB000F4FECE /* Debug */,
				325E393220ED2AB000F4FECE /* Release */,
			);
			defaultConfigurationIsVisible = 0;
			defaultConfigurationName = Release;
		};
		325E397F20ED4FD800F4FECE /* Build configuration list for PBXLegacyTarget "safetynetios" */ = {
			isa = XCConfigurationList;
			buildConfigurations = (
				325E397D20ED4FD800F4FECE /* Debug */,
				325E397E20ED4FD800F4FECE /* Release */,
			);
			defaultConfigurationIsVisible = 0;
			defaultConfigurationName = Release;
		};
/* End XCConfigurationList section */
	};
	rootObject = 325E392120ED2AB000F4FECE /* Project object */;
}
